// !$*UTF8*$!
{
	archiveVersion = 1;
	classes = {
	};
	objectVersion = 77;
	objects = {

/* Begin PBXBuildFile section */
		0503FB0F2DF39776004C8026 /* FirebaseAuth in Frameworks */ = {isa = PBXBuildFile; productRef = 0503FB0E2DF39776004C8026 /* FirebaseAuth */; };
/* End PBXBuildFile section */

/* Begin PBXContainerItemProxy section */
		0503FADD2DF39726004C8026 /* PBXContainerItemProxy */ = {
			isa = PBXContainerItemProxy;
			containerPortal = 0503FAC42DF39724004C8026 /* Project object */;
			proxyType = 1;
			remoteGlobalIDString = 0503FACB2DF39724004C8026;
			remoteInfo = "shop-family-app";
		};
		0503FAE72DF39726004C8026 /* PBXContainerItemProxy */ = {
			isa = PBXContainerItemProxy;
			containerPortal = 0503FAC42DF39724004C8026 /* Project object */;
			proxyType = 1;
			remoteGlobalIDString = 0503FACB2DF39724004C8026;
			remoteInfo = "shop-family-app";
		};
/* End PBXContainerItemProxy section */

/* Begin PBXFileReference section */
		0503FACC2DF39724004C8026 /* shop-family-app.app */ = {isa = PBXFileReference; explicitFileType = wrapper.application; includeInIndex = 0; path = "shop-family-app.app"; sourceTree = BUILT_PRODUCTS_DIR; };
		0503FADC2DF39726004C8026 /* shop-family-appTests.xctest */ = {isa = PBXFileReference; explicitFileType = wrapper.cfbundle; includeInIndex = 0; path = "shop-family-appTests.xctest"; sourceTree = BUILT_PRODUCTS_DIR; };
		0503FAE62DF39726004C8026 /* shop-family-appUITests.xctest */ = {isa = PBXFileReference; explicitFileType = wrapper.cfbundle; includeInIndex = 0; path = "shop-family-appUITests.xctest"; sourceTree = BUILT_PRODUCTS_DIR; };
/* End PBXFileReference section */

/* Begin PBXFileSystemSynchronizedRootGroup section */
		0503FACE2DF39724004C8026 /* shop-family-app */ = {
			isa = PBXFileSystemSynchronizedRootGroup;
			path = "shop-family-app";
			sourceTree = "<group>";
		};
		0503FADF2DF39726004C8026 /* shop-family-appTests */ = {
			isa = PBXFileSystemSynchronizedRootGroup;
			path = "shop-family-appTests";
			sourceTree = "<group>";
		};
		0503FAE92DF39726004C8026 /* shop-family-appUITests */ = {
			isa = PBXFileSystemSynchronizedRootGroup;
			path = "shop-family-appUITests";
			sourceTree = "<group>";
		};
/* End PBXFileSystemSynchronizedRootGroup section */

/* Begin PBXFrameworksBuildPhase section */
		0503FAC92DF39724004C8026 /* Frameworks */ = {
			isa = PBXFrameworksBuildPhase;
			buildActionMask = 2147483647;
			files = (
				0503FB0F2DF39776004C8026 /* FirebaseAuth in Frameworks */,
			);
			runOnlyForDeploymentPostprocessing = 0;
		};
		0503FAD92DF39726004C8026 /* Frameworks */ = {
			isa = PBXFrameworksBuildPhase;
			buildActionMask = 2147483647;
			files = (
			);
			runOnlyForDeploymentPostprocessing = 0;
		};
		0503FAE32DF39726004C8026 /* Frameworks */ = {
			isa = PBXFrameworksBuildPhase;
			buildActionMask = 2147483647;
			files = (
			);
			runOnlyForDeploymentPostprocessing = 0;
		};
/* End PBXFrameworksBuildPhase section */

/* Begin PBXGroup section */
		0503FAC32DF39724004C8026 = {
			isa = PBXGroup;
			children = (
				0503FACE2DF39724004C8026 /* shop-family-app */,
				0503FADF2DF39726004C8026 /* shop-family-appTests */,
				0503FAE92DF39726004C8026 /* shop-family-appUITests */,
				0503FACD2DF39724004C8026 /* Products */,
			);
			sourceTree = "<group>";
		};
		0503FACD2DF39724004C8026 /* Products */ = {
			isa = PBXGroup;
			children = (
				0503FACC2DF39724004C8026 /* shop-family-app.app */,
				0503FADC2DF39726004C8026 /* shop-family-appTests.xctest */,
				0503FAE62DF39726004C8026 /* shop-family-appUITests.xctest */,
			);
			name = Products;
			sourceTree = "<group>";
		};
/* End PBXGroup section */

/* Begin PBXNativeTarget section */
		0503FACB2DF39724004C8026 /* shop-family-app */ = {
			isa = PBXNativeTarget;
			buildConfigurationList = 0503FAF02DF39726004C8026 /* Build configuration list for PBXNativeTarget "shop-family-app" */;
			buildPhases = (
				0503FAC82DF39724004C8026 /* Sources */,
				0503FAC92DF39724004C8026 /* Frameworks */,
				0503FACA2DF39724004C8026 /* Resources */,
			);
			buildRules = (
			);
			dependencies = (
			);
			fileSystemSynchronizedGroups = (
				0503FACE2DF39724004C8026 /* shop-family-app */,
			);
			name = "shop-family-app";
			packageProductDependencies = (
				0503FB0E2DF39776004C8026 /* FirebaseAuth */,
			);
			productName = "shop-family-app";
			productReference = 0503FACC2DF39724004C8026 /* shop-family-app.app */;
			productType = "com.apple.product-type.application";
		};
		0503FADB2DF39726004C8026 /* shop-family-appTests */ = {
			isa = PBXNativeTarget;
			buildConfigurationList = 0503FAF32DF39726004C8026 /* Build configuration list for PBXNativeTarget "shop-family-appTests" */;
			buildPhases = (
				0503FAD82DF39726004C8026 /* Sources */,
				0503FAD92DF39726004C8026 /* Frameworks */,
				0503FADA2DF39726004C8026 /* Resources */,
			);
			buildRules = (
			);
			dependencies = (
				0503FADE2DF39726004C8026 /* PBXTargetDependency */,
			);
			fileSystemSynchronizedGroups = (
				0503FADF2DF39726004C8026 /* shop-family-appTests */,
			);
			name = "shop-family-appTests";
			packageProductDependencies = (
			);
			productName = "shop-family-appTests";
			productReference = 0503FADC2DF39726004C8026 /* shop-family-appTests.xctest */;
			productType = "com.apple.product-type.bundle.unit-test";
		};
		0503FAE52DF39726004C8026 /* shop-family-appUITests */ = {
			isa = PBXNativeTarget;
			buildConfigurationList = 0503FAF62DF39726004C8026 /* Build configuration list for PBXNativeTarget "shop-family-appUITests" */;
			buildPhases = (
				0503FAE22DF39726004C8026 /* Sources */,
				0503FAE32DF39726004C8026 /* Frameworks */,
				0503FAE42DF39726004C8026 /* Resources */,
			);
			buildRules = (
			);
			dependencies = (
				0503FAE82DF39726004C8026 /* PBXTargetDependency */,
			);
			fileSystemSynchronizedGroups = (
				0503FAE92DF39726004C8026 /* shop-family-appUITests */,
			);
			name = "shop-family-appUITests";
			packageProductDependencies = (
			);
			productName = "shop-family-appUITests";
			productReference = 0503FAE62DF39726004C8026 /* shop-family-appUITests.xctest */;
			productType = "com.apple.product-type.bundle.ui-testing";
		};
/* End PBXNativeTarget section */

/* Begin PBXProject section */
		0503FAC42DF39724004C8026 /* Project object */ = {
			isa = PBXProject;
			attributes = {
				BuildIndependentTargetsInParallel = 1;
				LastSwiftUpdateCheck = 1620;
				LastUpgradeCheck = 1620;
				TargetAttributes = {
					0503FACB2DF39724004C8026 = {
						CreatedOnToolsVersion = 16.2;
					};
					0503FADB2DF39726004C8026 = {
						CreatedOnToolsVersion = 16.2;
						TestTargetID = 0503FACB2DF39724004C8026;
					};
					0503FAE52DF39726004C8026 = {
						CreatedOnToolsVersion = 16.2;
						TestTargetID = 0503FACB2DF39724004C8026;
					};
				};
			};
			buildConfigurationList = 0503FAC72DF39724004C8026 /* Build configuration list for PBXProject "shop-family-app" */;
			developmentRegion = en;
			hasScannedForEncodings = 0;
			knownRegions = (
				en,
				Base,
			);
			mainGroup = 0503FAC32DF39724004C8026;
			minimizedProjectReferenceProxies = 1;
			packageReferences = (
				0503FB0D2DF39776004C8026 /* XCRemoteSwiftPackageReference "firebase-ios-sdk" */,
			);
			preferredProjectObjectVersion = 77;
			productRefGroup = 0503FACD2DF39724004C8026 /* Products */;
			projectDirPath = "";
			projectRoot = "";
			targets = (
				0503FACB2DF39724004C8026 /* shop-family-app */,
				0503FADB2DF39726004C8026 /* shop-family-appTests */,
				0503FAE52DF39726004C8026 /* shop-family-appUITests */,
			);
		};
/* End PBXProject section */

/* Begin PBXResourcesBuildPhase section */
		0503FACA2DF39724004C8026 /* Resources */ = {
			isa = PBXResourcesBuildPhase;
			buildActionMask = 2147483647;
			files = (
			);
			runOnlyForDeploymentPostprocessing = 0;
		};
		0503FADA2DF39726004C8026 /* Resources */ = {
			isa = PBXResourcesBuildPhase;
			buildActionMask = 2147483647;
			files = (
			);
			runOnlyForDeploymentPostprocessing = 0;
		};
		0503FAE42DF39726004C8026 /* Resources */ = {
			isa = PBXResourcesBuildPhase;
			buildActionMask = 2147483647;
			files = (
			);
			runOnlyForDeploymentPostprocessing = 0;
		};
/* End PBXResourcesBuildPhase section */

/* Begin PBXSourcesBuildPhase section */
		0503FAC82DF39724004C8026 /* Sources */ = {
			isa = PBXSourcesBuildPhase;
			buildActionMask = 2147483647;
			files = (
			);
			runOnlyForDeploymentPostprocessing = 0;
		};
		0503FAD82DF39726004C8026 /* Sources */ = {
			isa = PBXSourcesBuildPhase;
			buildActionMask = 2147483647;
			files = (
			);
			runOnlyForDeploymentPostprocessing = 0;
		};
		0503FAE22DF39726004C8026 /* Sources */ = {
			isa = PBXSourcesBuildPhase;
			buildActionMask = 2147483647;
			files = (
			);
			runOnlyForDeploymentPostprocessing = 0;
		};
/* End PBXSourcesBuildPhase section */

/* Begin PBXTargetDependency section */
		0503FADE2DF39726004C8026 /* PBXTargetDependency */ = {
			isa = PBXTargetDependency;
			target = 0503FACB2DF39724004C8026 /* shop-family-app */;
			targetProxy = 0503FADD2DF39726004C8026 /* PBXContainerItemProxy */;
		};
		0503FAE82DF39726004C8026 /* PBXTargetDependency */ = {
			isa = PBXTargetDependency;
			target = 0503FACB2DF39724004C8026 /* shop-family-app */;
			targetProxy = 0503FAE72DF39726004C8026 /* PBXContainerItemProxy */;
		};
/* End PBXTargetDependency section */

/* Begin XCBuildConfiguration section */
		0503FAEE2DF39726004C8026 /* Debug */ = {
			isa = XCBuildConfiguration;
			buildSettings = {
				ALWAYS_SEARCH_USER_PATHS = NO;
				ASSETCATALOG_COMPILER_GENERATE_SWIFT_ASSET_SYMBOL_EXTENSIONS = YES;
				CLANG_ANALYZER_NONNULL = YES;
				CLANG_ANALYZER_NUMBER_OBJECT_CONVERSION = YES_AGGRESSIVE;
				CLANG_CXX_LANGUAGE_STANDARD = "gnu++20";
				CLANG_ENABLE_MODULES = YES;
				CLANG_ENABLE_OBJC_ARC = YES;
				CLANG_ENABLE_OBJC_WEAK = YES;
				CLANG_WARN_BLOCK_CAPTURE_AUTORELEASING = YES;
				CLANG_WARN_BOOL_CONVERSION = YES;
				CLANG_WARN_COMMA = YES;
				CLANG_WARN_CONSTANT_CONVERSION = YES;
				CLANG_WARN_DEPRECATED_OBJC_IMPLEMENTATIONS = YES;
				CLANG_WARN_DIRECT_OBJC_ISA_USAGE = YES_ERROR;
				CLANG_WARN_DOCUMENTATION_COMMENTS = YES;
				CLANG_WARN_EMPTY_BODY = YES;
				CLANG_WARN_ENUM_CONVERSION = YES;
				CLANG_WARN_INFINITE_RECURSION = YES;
				CLANG_WARN_INT_CONVERSION = YES;
				CLANG_WARN_NON_LITERAL_NULL_CONVERSION = YES;
				CLANG_WARN_OBJC_IMPLICIT_RETAIN_SELF = YES;
				CLANG_WARN_OBJC_LITERAL_CONVERSION = YES;
				CLANG_WARN_OBJC_ROOT_CLASS = YES_ERROR;
				CLANG_WARN_QUOTED_INCLUDE_IN_FRAMEWORK_HEADER = YES;
				CLANG_WARN_RANGE_LOOP_ANALYSIS = YES;
				CLANG_WARN_STRICT_PROTOTYPES = YES;
				CLANG_WARN_SUSPICIOUS_MOVE = YES;
				CLANG_WARN_UNGUARDED_AVAILABILITY = YES_AGGRESSIVE;
				CLANG_WARN_UNREACHABLE_CODE = YES;
				CLANG_WARN__DUPLICATE_METHOD_MATCH = YES;
				COPY_PHASE_STRIP = NO;
				DEBUG_INFORMATION_FORMAT = dwarf;
				ENABLE_STRICT_OBJC_MSGSEND = YES;
				ENABLE_TESTABILITY = YES;
				ENABLE_USER_SCRIPT_SANDBOXING = YES;
				GCC_C_LANGUAGE_STANDARD = gnu17;
				GCC_DYNAMIC_NO_PIC = NO;
				GCC_NO_COMMON_BLOCKS = YES;
				GCC_OPTIMIZATION_LEVEL = 0;
				GCC_PREPROCESSOR_DEFINITIONS = (
					"DEBUG=1",
					"$(inherited)",
				);
				GCC_WARN_64_TO_32_BIT_CONVERSION = YES;
				GCC_WARN_ABOUT_RETURN_TYPE = YES_ERROR;
				GCC_WARN_UNDECLARED_SELECTOR = YES;
				GCC_WARN_UNINITIALIZED_AUTOS = YES_AGGRESSIVE;
				GCC_WARN_UNUSED_FUNCTION = YES;
				GCC_WARN_UNUSED_VARIABLE = YES;
				IPHONEOS_DEPLOYMENT_TARGET = 18.2;
				LOCALIZATION_PREFERS_STRING_CATALOGS = YES;
				MTL_ENABLE_DEBUG_INFO = INCLUDE_SOURCE;
				MTL_FAST_MATH = YES;
				ONLY_ACTIVE_ARCH = YES;
				SDKROOT = iphoneos;
				SWIFT_ACTIVE_COMPILATION_CONDITIONS = "DEBUG $(inherited)";
				SWIFT_OPTIMIZATION_LEVEL = "-Onone";
			};
			name = Debug;
		};
		0503FAEF2DF39726004C8026 /* Release */ = {
			isa = XCBuildConfiguration;
			buildSettings = {
				ALWAYS_SEARCH_USER_PATHS = NO;
				ASSETCATALOG_COMPILER_GENERATE_SWIFT_ASSET_SYMBOL_EXTENSIONS = YES;
				CLANG_ANALYZER_NONNULL = YES;
				CLANG_ANALYZER_NUMBER_OBJECT_CONVERSION = YES_AGGRESSIVE;
				CLANG_CXX_LANGUAGE_STANDARD = "gnu++20";
				CLANG_ENABLE_MODULES = YES;
				CLANG_ENABLE_OBJC_ARC = YES;
				CLANG_ENABLE_OBJC_WEAK = YES;
				CLANG_WARN_BLOCK_CAPTURE_AUTORELEASING = YES;
				CLANG_WARN_BOOL_CONVERSION = YES;
				CLANG_WARN_COMMA = YES;
				CLANG_WARN_CONSTANT_CONVERSION = YES;
				CLANG_WARN_DEPRECATED_OBJC_IMPLEMENTATIONS = YES;
				CLANG_WARN_DIRECT_OBJC_ISA_USAGE = YES_ERROR;
				CLANG_WARN_DOCUMENTATION_COMMENTS = YES;
				CLANG_WARN_EMPTY_BODY = YES;
				CLANG_WARN_ENUM_CONVERSION = YES;
				CLANG_WARN_INFINITE_RECURSION = YES;
				CLANG_WARN_INT_CONVERSION = YES;
				CLANG_WARN_NON_LITERAL_NULL_CONVERSION = YES;
				CLANG_WARN_OBJC_IMPLICIT_RETAIN_SELF = YES;
				CLANG_WARN_OBJC_LITERAL_CONVERSION = YES;
				CLANG_WARN_OBJC_ROOT_CLASS = YES_ERROR;
				CLANG_WARN_QUOTED_INCLUDE_IN_FRAMEWORK_HEADER = YES;
				CLANG_WARN_RANGE_LOOP_ANALYSIS = YES;
				CLANG_WARN_STRICT_PROTOTYPES = YES;
				CLANG_WARN_SUSPICIOUS_MOVE = YES;
				CLANG_WARN_UNGUARDED_AVAILABILITY = YES_AGGRESSIVE;
				CLANG_WARN_UNREACHABLE_CODE = YES;
				CLANG_WARN__DUPLICATE_METHOD_MATCH = YES;
				COPY_PHASE_STRIP = NO;
				DEBUG_INFORMATION_FORMAT = "dwarf-with-dsym";
				ENABLE_NS_ASSERTIONS = NO;
				ENABLE_STRICT_OBJC_MSGSEND = YES;
				ENABLE_USER_SCRIPT_SANDBOXING = YES;
				GCC_C_LANGUAGE_STANDARD = gnu17;
				GCC_NO_COMMON_BLOCKS = YES;
				GCC_WARN_64_TO_32_BIT_CONVERSION = YES;
				GCC_WARN_ABOUT_RETURN_TYPE = YES_ERROR;
				GCC_WARN_UNDECLARED_SELECTOR = YES;
				GCC_WARN_UNINITIALIZED_AUTOS = YES_AGGRESSIVE;
				GCC_WARN_UNUSED_FUNCTION = YES;
				GCC_WARN_UNUSED_VARIABLE = YES;
				IPHONEOS_DEPLOYMENT_TARGET = 18.2;
				LOCALIZATION_PREFERS_STRING_CATALOGS = YES;
				MTL_ENABLE_DEBUG_INFO = NO;
				MTL_FAST_MATH = YES;
				SDKROOT = iphoneos;
				SWIFT_COMPILATION_MODE = wholemodule;
				VALIDATE_PRODUCT = YES;
			};
			name = Release;
		};
		0503FAF12DF39726004C8026 /* Debug */ = {
			isa = XCBuildConfiguration;
			buildSettings = {
				ASSETCATALOG_COMPILER_APPICON_NAME = AppIcon;
				ASSETCATALOG_COMPILER_GLOBAL_ACCENT_COLOR_NAME = AccentColor;
				CODE_SIGN_STYLE = Automatic;
				CURRENT_PROJECT_VERSION = 1;
				DEVELOPMENT_ASSET_PATHS = "\"shop-family-app/Preview Content\"";
				ENABLE_PREVIEWS = YES;
				GENERATE_INFOPLIST_FILE = YES;
				INFOPLIST_KEY_UIApplicationSceneManifest_Generation = YES;
				INFOPLIST_KEY_UIApplicationSupportsIndirectInputEvents = YES;
				INFOPLIST_KEY_UILaunchScreen_Generation = YES;
				INFOPLIST_KEY_UISupportedInterfaceOrientations_iPad = "UIInterfaceOrientationPortrait UIInterfaceOrientationPortraitUpsideDown UIInterfaceOrientationLandscapeLeft UIInterfaceOrientationLandscapeRight";
				INFOPLIST_KEY_UISupportedInterfaceOrientations_iPhone = "UIInterfaceOrientationPortrait UIInterfaceOrientationLandscapeLeft UIInterfaceOrientationLandscapeRight";
				LD_RUNPATH_SEARCH_PATHS = (
					"$(inherited)",
					"@executable_path/Frameworks",
				);
				MARKETING_VERSION = 1.0;
				PRODUCT_BUNDLE_IDENTIFIER = "thaya.shop-family-app";
				PRODUCT_NAME = "$(TARGET_NAME)";
				SWIFT_EMIT_LOC_STRINGS = YES;
				SWIFT_VERSION = 5.0;
				TARGETED_DEVICE_FAMILY = "1,2";
			};
			name = Debug;
		};
		0503FAF22DF39726004C8026 /* Release */ = {
			isa = XCBuildConfiguration;
			buildSettings = {
				ASSETCATALOG_COMPILER_APPICON_NAME = AppIcon;
				ASSETCATALOG_COMPILER_GLOBAL_ACCENT_COLOR_NAME = AccentColor;
				CODE_SIGN_STYLE = Automatic;
				CURRENT_PROJECT_VERSION = 1;
				DEVELOPMENT_ASSET_PATHS = "\"shop-family-app/Preview Content\"";
				ENABLE_PREVIEWS = YES;
				GENERATE_INFOPLIST_FILE = YES;
				INFOPLIST_KEY_UIApplicationSceneManifest_Generation = YES;
				INFOPLIST_KEY_UIApplicationSupportsIndirectInputEvents = YES;
				INFOPLIST_KEY_UILaunchScreen_Generation = YES;
				INFOPLIST_KEY_UISupportedInterfaceOrientations_iPad = "UIInterfaceOrientationPortrait UIInterfaceOrientationPortraitUpsideDown UIInterfaceOrientationLandscapeLeft UIInterfaceOrientationLandscapeRight";
				INFOPLIST_KEY_UISupportedInterfaceOrientations_iPhone = "UIInterfaceOrientationPortrait UIInterfaceOrientationLandscapeLeft UIInterfaceOrientationLandscapeRight";
				LD_RUNPATH_SEARCH_PATHS = (
					"$(inherited)",
					"@executable_path/Frameworks",
				);
				MARKETING_VERSION = 1.0;
				PRODUCT_BUNDLE_IDENTIFIER = "thaya.shop-family-app";
				PRODUCT_NAME = "$(TARGET_NAME)";
				SWIFT_EMIT_LOC_STRINGS = YES;
				SWIFT_VERSION = 5.0;
				TARGETED_DEVICE_FAMILY = "1,2";
			};
			name = Release;
		};
		0503FAF42DF39726004C8026 /* Debug */ = {
			isa = XCBuildConfiguration;
			buildSettings = {
				BUNDLE_LOADER = "$(TEST_HOST)";
				CODE_SIGN_STYLE = Automatic;
				CURRENT_PROJECT_VERSION = 1;
				GENERATE_INFOPLIST_FILE = YES;
				IPHONEOS_DEPLOYMENT_TARGET = 18.2;
				MARKETING_VERSION = 1.0;
				PRODUCT_BUNDLE_IDENTIFIER = "thaya.shop-family-appTests";
				PRODUCT_NAME = "$(TARGET_NAME)";
				SWIFT_EMIT_LOC_STRINGS = NO;
				SWIFT_VERSION = 5.0;
				TARGETED_DEVICE_FAMILY = "1,2";
				TEST_HOST = "$(BUILT_PRODUCTS_DIR)/shop-family-app.app/$(BUNDLE_EXECUTABLE_FOLDER_PATH)/shop-family-app";
			};
			name = Debug;
		};
		0503FAF52DF39726004C8026 /* Release */ = {
			isa = XCBuildConfiguration;
			buildSettings = {
				BUNDLE_LOADER = "$(TEST_HOST)";
				CODE_SIGN_STYLE = Automatic;
				CURRENT_PROJECT_VERSION = 1;
				GENERATE_INFOPLIST_FILE = YES;
				IPHONEOS_DEPLOYMENT_TARGET = 18.2;
				MARKETING_VERSION = 1.0;
				PRODUCT_BUNDLE_IDENTIFIER = "thaya.shop-family-appTests";
				PRODUCT_NAME = "$(TARGET_NAME)";
				SWIFT_EMIT_LOC_STRINGS = NO;
				SWIFT_VERSION = 5.0;
				TARGETED_DEVICE_FAMILY = "1,2";
				TEST_HOST = "$(BUILT_PRODUCTS_DIR)/shop-family-app.app/$(BUNDLE_EXECUTABLE_FOLDER_PATH)/shop-family-app";
			};
			name = Release;
		};
		0503FAF72DF39726004C8026 /* Debug */ = {
			isa = XCBuildConfiguration;
			buildSettings = {
				CODE_SIGN_STYLE = Automatic;
				CURRENT_PROJECT_VERSION = 1;
				GENERATE_INFOPLIST_FILE = YES;
				MARKETING_VERSION = 1.0;
				PRODUCT_BUNDLE_IDENTIFIER = "thaya.shop-family-appUITests";
				PRODUCT_NAME = "$(TARGET_NAME)";
				SWIFT_EMIT_LOC_STRINGS = NO;
				SWIFT_VERSION = 5.0;
				TARGETED_DEVICE_FAMILY = "1,2";
				TEST_TARGET_NAME = "shop-family-app";
			};
			name = Debug;
		};
		0503FAF82DF39726004C8026 /* Release */ = {
			isa = XCBuildConfiguration;
			buildSettings = {
				CODE_SIGN_STYLE = Automatic;
				CURRENT_PROJECT_VERSION = 1;
				GENERATE_INFOPLIST_FILE = YES;
				MARKETING_VERSION = 1.0;
				PRODUCT_BUNDLE_IDENTIFIER = "thaya.shop-family-appUITests";
				PRODUCT_NAME = "$(TARGET_NAME)";
				SWIFT_EMIT_LOC_STRINGS = NO;
				SWIFT_VERSION = 5.0;
				TARGETED_DEVICE_FAMILY = "1,2";
				TEST_TARGET_NAME = "shop-family-app";
			};
			name = Release;
		};
/* End XCBuildConfiguration section */

/* Begin XCConfigurationList section */
		0503FAC72DF39724004C8026 /* Build configuration list for PBXProject "shop-family-app" */ = {
			isa = XCConfigurationList;
			buildConfigurations = (
				0503FAEE2DF39726004C8026 /* Debug */,
				0503FAEF2DF39726004C8026 /* Release */,
			);
			defaultConfigurationIsVisible = 0;
			defaultConfigurationName = Release;
		};
		0503FAF02DF39726004C8026 /* Build configuration list for PBXNativeTarget "shop-family-app" */ = {
			isa = XCConfigurationList;
			buildConfigurations = (
				0503FAF12DF39726004C8026 /* Debug */,
				0503FAF22DF39726004C8026 /* Release */,
			);
			defaultConfigurationIsVisible = 0;
			defaultConfigurationName = Release;
		};
		0503FAF32DF39726004C8026 /* Build configuration list for PBXNativeTarget "shop-family-appTests" */ = {
			isa = XCConfigurationList;
			buildConfigurations = (
				0503FAF42DF39726004C8026 /* Debug */,
				0503FAF52DF39726004C8026 /* Release */,
			);
			defaultConfigurationIsVisible = 0;
			defaultConfigurationName = Release;
		};
		0503FAF62DF39726004C8026 /* Build configuration list for PBXNativeTarget "shop-family-appUITests" */ = {
			isa = XCConfigurationList;
			buildConfigurations = (
				0503FAF72DF39726004C8026 /* Debug */,
				0503FAF82DF39726004C8026 /* Release */,
			);
			defaultConfigurationIsVisible = 0;
			defaultConfigurationName = Release;
		};
/* End XCConfigurationList section */

/* Begin XCRemoteSwiftPackageReference section */
		0503FB0D2DF39776004C8026 /* XCRemoteSwiftPackageReference "firebase-ios-sdk" */ = {
			isa = XCRemoteSwiftPackageReference;
			repositoryURL = "https://github.com/firebase/firebase-ios-sdk";
			requirement = {
				kind = upToNextMajorVersion;
				minimumVersion = 11.14.0;
			};
		};
/* End XCRemoteSwiftPackageReference section */

/* Begin XCSwiftPackageProductDependency section */
		0503FB0E2DF39776004C8026 /* FirebaseAuth */ = {
			isa = XCSwiftPackageProductDependency;
			package = 0503FB0D2DF39776004C8026 /* XCRemoteSwiftPackageReference "firebase-ios-sdk" */;
			productName = FirebaseAuth;
		};
/* End XCSwiftPackageProductDependency section */
	};
	rootObject = 0503FAC42DF39724004C8026 /* Project object */;
}
